
Microsoft Visual Studio Solution File, Format Version 12.00
# Visual Studio Version 17
VisualStudioVersion = 17.4.33213.308
MinimumVisualStudioVersion = 10.0.40219.1
Project("{FAE04EC0-301F-11D3-BF4B-00C04F79EFBC}") = "Reproductor VLC WF CSharp", "Reproductor VLC WF CSharp.csproj", "{8CCBA16B-9DFA-433F-A82A-1A02DFC40523}"
EndProject
Global
	GlobalSection(SolutionConfigurationPlatforms) = preSolution
		Debug|Any CPU = Debug|Any CPU
		Release|Any CPU = Release|Any CPU
	EndGlobalSection
	GlobalSection(ProjectConfigurationPlatforms) = postSolution
		{8CCBA16B-9DFA-433F-A82A-1A02DFC40523}.Debug|Any CPU.ActiveCfg = Debug|Any CPU
		{8CCBA16B-9DFA-433F-A82A-1A02DFC40523}.Debug|Any CPU.Build.0 = Debug|Any CPU
		{8CCBA16B-9DFA-433F-A82A-1A02DFC40523}.Release|Any CPU.ActiveCfg = Release|Any CPU
		{8CCBA16B-9DFA-433F-A82A-1A02DFC40523}.Release|Any CPU.Build.0 = Release|Any CPU
	EndGlobalSection
	GlobalSection(SolutionProperties) = preSolution
		HideSolutionNode = FALSE
	EndGlobalSection
	GlobalSection(ExtensibilityGlobals) = postSolution
		SolutionGuid = {C3DD921B-B3F9-4358-94BB-33CE4FF84E8F}
	EndGlobalSection
EndGlobal
